{
  "lockfileVersion": 1,
  "configVersion": 0,
  "workspaces": {
    "": {
      "name": "bun-panel",
      "dependencies": {
        "@types/compression": "^1.7.5",
        "@types/express": "^4.17.21",
        "@types/lodash": "^4.17.7",
        "ajv": "^8.17.1",
        "body-parser": "^1.20.2",
        "compression": "^1.7.4",
        "express": "^4.19.2",
        "lodash": "^4.17.21",
        "log4js": "^6.9.1",
        "mime": "^4.0.4",
        "multer": "^1.4.5-lts.1",
        "patch-package": "^8.0.0",
        "uuid": "^10.0.0",
      },
      "devDependencies": {
        "@types/bun": "latest",
        "@types/multer": "^1.4.12",
        "@types/uuid": "^10.0.0",
      },
      "peerDependencies": {
        "typescript": "^5.0.0",
      },
    },
  },
  "patchedDependencies": {
    "@types/express-serve-static-core@4.19.5": "patches/@types%2Fexpress-serve-static-core@4.19.5.patch",
  },
  "packages": {
    "@types/body-parser": ["@types/body-parser@1.19.5", "https://registry.npmmirror.com/@types/body-parser/-/body-parser-1.19.5.tgz", { "dependencies": { "@types/connect": "*", "@types/node": "*" } }, ""],

    "@types/bun": ["@types/bun@1.2.17", "", { "dependencies": { "bun-types": "1.2.17" } }, "sha512-l/BYs/JYt+cXA/0+wUhulYJB6a6p//GTPiJ7nV+QHa8iiId4HZmnu/3J/SowP5g0rTiERY2kfGKXEK5Ehltx4Q=="],

    "@types/compression": ["@types/compression@1.7.5", "https://registry.npmmirror.com/@types/compression/-/compression-1.7.5.tgz", { "dependencies": { "@types/express": "*" } }, ""],

    "@types/connect": ["@types/connect@3.4.38", "https://registry.npmmirror.com/@types/connect/-/connect-3.4.38.tgz", { "dependencies": { "@types/node": "*" } }, ""],

    "@types/express": ["@types/express@4.17.21", "https://registry.npmmirror.com/@types/express/-/express-4.17.21.tgz", { "dependencies": { "@types/body-parser": "*", "@types/express-serve-static-core": "^4.17.33", "@types/qs": "*", "@types/serve-static": "*" } }, ""],

    "@types/express-serve-static-core": ["@types/express-serve-static-core@4.19.5", "https://registry.npmmirror.com/@types/express-serve-static-core/-/express-serve-static-core-4.19.5.tgz", { "dependencies": { "@types/node": "*", "@types/qs": "*", "@types/range-parser": "*", "@types/send": "*" } }, ""],

    "@types/http-errors": ["@types/http-errors@2.0.4", "https://registry.npmmirror.com/@types/http-errors/-/http-errors-2.0.4.tgz", {}, ""],

    "@types/lodash": ["@types/lodash@4.17.7", "https://registry.npmmirror.com/@types/lodash/-/lodash-4.17.7.tgz", {}, ""],

    "@types/mime": ["@types/mime@1.3.5", "https://registry.npmmirror.com/@types/mime/-/mime-1.3.5.tgz", {}, ""],

    "@types/multer": ["@types/multer@1.4.12", "https://registry.npmmirror.com/@types/multer/-/multer-1.4.12.tgz", { "dependencies": { "@types/express": "*" } }, ""],

    "@types/node": ["@types/node@24.0.3", "", { "dependencies": { "undici-types": "~7.8.0" } }, "sha512-R4I/kzCYAdRLzfiCabn9hxWfbuHS573x+r0dJMkkzThEa7pbrcDWK+9zu3e7aBOouf+rQAciqPFMnxwr0aWgKg=="],

    "@types/qs": ["@types/qs@6.9.15", "https://registry.npmmirror.com/@types/qs/-/qs-6.9.15.tgz", {}, ""],

    "@types/range-parser": ["@types/range-parser@1.2.7", "https://registry.npmmirror.com/@types/range-parser/-/range-parser-1.2.7.tgz", {}, ""],

    "@types/send": ["@types/send@0.17.4", "https://registry.npmmirror.com/@types/send/-/send-0.17.4.tgz", { "dependencies": { "@types/mime": "^1", "@types/node": "*" } }, ""],

    "@types/serve-static": ["@types/serve-static@1.15.7", "https://registry.npmmirror.com/@types/serve-static/-/serve-static-1.15.7.tgz", { "dependencies": { "@types/http-errors": "*", "@types/node": "*", "@types/send": "*" } }, ""],

    "@types/uuid": ["@types/uuid@10.0.0", "https://registry.npmmirror.com/@types/uuid/-/uuid-10.0.0.tgz", {}, ""],

    "@yarnpkg/lockfile": ["@yarnpkg/lockfile@1.1.0", "https://registry.npmmirror.com/@yarnpkg/lockfile/-/lockfile-1.1.0.tgz", {}, ""],

    "accepts": ["accepts@1.3.8", "https://registry.npmmirror.com/accepts/-/accepts-1.3.8.tgz", { "dependencies": { "mime-types": "~2.1.34", "negotiator": "0.6.3" } }, ""],

    "ajv": ["ajv@8.17.1", "https://registry.npmmirror.com/ajv/-/ajv-8.17.1.tgz", { "dependencies": { "fast-deep-equal": "^3.1.3", "fast-uri": "^3.0.1", "json-schema-traverse": "^1.0.0", "require-from-string": "^2.0.2" } }, ""],

    "ansi-styles": ["ansi-styles@4.3.0", "https://registry.npmmirror.com/ansi-styles/-/ansi-styles-4.3.0.tgz", { "dependencies": { "color-convert": "^2.0.1" } }, ""],

    "append-field": ["append-field@1.0.0", "https://registry.npmmirror.com/append-field/-/append-field-1.0.0.tgz", {}, ""],

    "array-flatten": ["array-flatten@1.1.1", "https://registry.npmmirror.com/array-flatten/-/array-flatten-1.1.1.tgz", {}, ""],

    "at-least-node": ["at-least-node@1.0.0", "https://registry.npmmirror.com/at-least-node/-/at-least-node-1.0.0.tgz", {}, ""],

    "balanced-match": ["balanced-match@1.0.2", "https://registry.npmmirror.com/balanced-match/-/balanced-match-1.0.2.tgz", {}, ""],

    "body-parser": ["body-parser@1.20.2", "https://registry.npmmirror.com/body-parser/-/body-parser-1.20.2.tgz", { "dependencies": { "bytes": "3.1.2", "content-type": "~1.0.5", "debug": "2.6.9", "depd": "2.0.0", "destroy": "1.2.0", "http-errors": "2.0.0", "iconv-lite": "0.4.24", "on-finished": "2.4.1", "qs": "6.11.0", "raw-body": "2.5.2", "type-is": "~1.6.18", "unpipe": "1.0.0" } }, ""],

    "brace-expansion": ["brace-expansion@1.1.11", "https://registry.npmmirror.com/brace-expansion/-/brace-expansion-1.1.11.tgz", { "dependencies": { "balanced-match": "^1.0.0", "concat-map": "0.0.1" } }, ""],

    "braces": ["braces@3.0.3", "https://registry.npmmirror.com/braces/-/braces-3.0.3.tgz", { "dependencies": { "fill-range": "^7.1.1" } }, ""],

    "buffer-from": ["buffer-from@1.1.2", "https://registry.npmmirror.com/buffer-from/-/buffer-from-1.1.2.tgz", {}, ""],

    "bun-types": ["bun-types@1.2.17", "", { "dependencies": { "@types/node": "*" } }, "sha512-ElC7ItwT3SCQwYZDYoAH+q6KT4Fxjl8DtZ6qDulUFBmXA8YB4xo+l54J9ZJN+k2pphfn9vk7kfubeSd5QfTVJQ=="],

    "busboy": ["busboy@1.6.0", "https://registry.npmmirror.com/busboy/-/busboy-1.6.0.tgz", { "dependencies": { "streamsearch": "^1.1.0" } }, ""],

    "bytes": ["bytes@3.1.2", "https://registry.npmmirror.com/bytes/-/bytes-3.1.2.tgz", {}, ""],

    "call-bind": ["call-bind@1.0.7", "https://registry.npmmirror.com/call-bind/-/call-bind-1.0.7.tgz", { "dependencies": { "es-define-property": "^1.0.0", "es-errors": "^1.3.0", "function-bind": "^1.1.2", "get-intrinsic": "^1.2.4", "set-function-length": "^1.2.1" } }, ""],

    "chalk": ["chalk@4.1.2", "https://registry.npmmirror.com/chalk/-/chalk-4.1.2.tgz", { "dependencies": { "ansi-styles": "^4.1.0", "supports-color": "^7.1.0" } }, ""],

    "ci-info": ["ci-info@3.9.0", "https://registry.npmmirror.com/ci-info/-/ci-info-3.9.0.tgz", {}, ""],

    "color-convert": ["color-convert@2.0.1", "https://registry.npmmirror.com/color-convert/-/color-convert-2.0.1.tgz", { "dependencies": { "color-name": "~1.1.4" } }, ""],

    "color-name": ["color-name@1.1.4", "https://registry.npmmirror.com/color-name/-/color-name-1.1.4.tgz", {}, ""],

    "compressible": ["compressible@2.0.18", "https://registry.npmmirror.com/compressible/-/compressible-2.0.18.tgz", { "dependencies": { "mime-db": ">= 1.43.0 < 2" } }, ""],

    "compression": ["compression@1.7.4", "https://registry.npmmirror.com/compression/-/compression-1.7.4.tgz", { "dependencies": { "accepts": "~1.3.5", "bytes": "3.0.0", "compressible": "~2.0.16", "debug": "2.6.9", "on-headers": "~1.0.2", "safe-buffer": "5.1.2", "vary": "~1.1.2" } }, ""],

    "concat-map": ["concat-map@0.0.1", "https://registry.npmmirror.com/concat-map/-/concat-map-0.0.1.tgz", {}, ""],

    "concat-stream": ["concat-stream@1.6.2", "https://registry.npmmirror.com/concat-stream/-/concat-stream-1.6.2.tgz", { "dependencies": { "buffer-from": "^1.0.0", "inherits": "^2.0.3", "readable-stream": "^2.2.2", "typedarray": "^0.0.6" } }, ""],

    "content-disposition": ["content-disposition@0.5.4", "https://registry.npmmirror.com/content-disposition/-/content-disposition-0.5.4.tgz", { "dependencies": { "safe-buffer": "5.2.1" } }, ""],

    "content-type": ["content-type@1.0.5", "https://registry.npmmirror.com/content-type/-/content-type-1.0.5.tgz", {}, ""],

    "cookie": ["cookie@0.6.0", "https://registry.npmmirror.com/cookie/-/cookie-0.6.0.tgz", {}, ""],

    "cookie-signature": ["cookie-signature@1.0.6", "https://registry.npmmirror.com/cookie-signature/-/cookie-signature-1.0.6.tgz", {}, ""],

    "core-util-is": ["core-util-is@1.0.3", "https://registry.npmmirror.com/core-util-is/-/core-util-is-1.0.3.tgz", {}, ""],

    "cross-spawn": ["cross-spawn@7.0.3", "https://registry.npmmirror.com/cross-spawn/-/cross-spawn-7.0.3.tgz", { "dependencies": { "path-key": "^3.1.0", "shebang-command": "^2.0.0", "which": "^2.0.1" } }, ""],

    "date-format": ["date-format@4.0.14", "", {}, "sha512-39BOQLs9ZjKh0/patS9nrT8wc3ioX3/eA/zgbKNopnF2wCqJEoxywwwElATYvRsXdnOxA/OQeQoFZ3rFjVajhg=="],

    "debug": ["debug@2.6.9", "https://registry.npmmirror.com/debug/-/debug-2.6.9.tgz", { "dependencies": { "ms": "2.0.0" } }, ""],

    "define-data-property": ["define-data-property@1.1.4", "https://registry.npmmirror.com/define-data-property/-/define-data-property-1.1.4.tgz", { "dependencies": { "es-define-property": "^1.0.0", "es-errors": "^1.3.0", "gopd": "^1.0.1" } }, ""],

    "depd": ["depd@2.0.0", "https://registry.npmmirror.com/depd/-/depd-2.0.0.tgz", {}, ""],

    "destroy": ["destroy@1.2.0", "https://registry.npmmirror.com/destroy/-/destroy-1.2.0.tgz", {}, ""],

    "ee-first": ["ee-first@1.1.1", "https://registry.npmmirror.com/ee-first/-/ee-first-1.1.1.tgz", {}, ""],

    "encodeurl": ["encodeurl@1.0.2", "https://registry.npmmirror.com/encodeurl/-/encodeurl-1.0.2.tgz", {}, ""],

    "es-define-property": ["es-define-property@1.0.0", "https://registry.npmmirror.com/es-define-property/-/es-define-property-1.0.0.tgz", { "dependencies": { "get-intrinsic": "^1.2.4" } }, ""],

    "es-errors": ["es-errors@1.3.0", "https://registry.npmmirror.com/es-errors/-/es-errors-1.3.0.tgz", {}, ""],

    "escape-html": ["escape-html@1.0.3", "https://registry.npmmirror.com/escape-html/-/escape-html-1.0.3.tgz", {}, ""],

    "etag": ["etag@1.8.1", "https://registry.npmmirror.com/etag/-/etag-1.8.1.tgz", {}, ""],

    "express": ["express@4.19.2", "https://registry.npmmirror.com/express/-/express-4.19.2.tgz", { "dependencies": { "accepts": "~1.3.8", "array-flatten": "1.1.1", "body-parser": "1.20.2", "content-disposition": "0.5.4", "content-type": "~1.0.4", "cookie": "0.6.0", "cookie-signature": "1.0.6", "debug": "2.6.9", "depd": "2.0.0", "encodeurl": "~1.0.2", "escape-html": "~1.0.3", "etag": "~1.8.1", "finalhandler": "1.2.0", "fresh": "0.5.2", "http-errors": "2.0.0", "merge-descriptors": "1.0.1", "methods": "~1.1.2", "on-finished": "2.4.1", "parseurl": "~1.3.3", "path-to-regexp": "0.1.7", "proxy-addr": "~2.0.7", "qs": "6.11.0", "range-parser": "~1.2.1", "safe-buffer": "5.2.1", "send": "0.18.0", "serve-static": "1.15.0", "setprototypeof": "1.2.0", "statuses": "2.0.1", "type-is": "~1.6.18", "utils-merge": "1.0.1", "vary": "~1.1.2" } }, ""],

    "fast-deep-equal": ["fast-deep-equal@3.1.3", "https://registry.npmmirror.com/fast-deep-equal/-/fast-deep-equal-3.1.3.tgz", {}, ""],

    "fast-uri": ["fast-uri@3.0.1", "https://registry.npmmirror.com/fast-uri/-/fast-uri-3.0.1.tgz", {}, ""],

    "fill-range": ["fill-range@7.1.1", "https://registry.npmmirror.com/fill-range/-/fill-range-7.1.1.tgz", { "dependencies": { "to-regex-range": "^5.0.1" } }, ""],

    "finalhandler": ["finalhandler@1.2.0", "https://registry.npmmirror.com/finalhandler/-/finalhandler-1.2.0.tgz", { "dependencies": { "debug": "2.6.9", "encodeurl": "~1.0.2", "escape-html": "~1.0.3", "on-finished": "2.4.1", "parseurl": "~1.3.3", "statuses": "2.0.1", "unpipe": "~1.0.0" } }, ""],

    "find-yarn-workspace-root": ["find-yarn-workspace-root@2.0.0", "https://registry.npmmirror.com/find-yarn-workspace-root/-/find-yarn-workspace-root-2.0.0.tgz", { "dependencies": { "micromatch": "^4.0.2" } }, ""],

    "flatted": ["flatted@3.3.3", "", {}, "sha512-GX+ysw4PBCz0PzosHDepZGANEuFCMLrnRTiEy9McGjmkCQYwRq4A/X786G/fjM/+OjsWSU1ZrY5qyARZmO/uwg=="],

    "forwarded": ["forwarded@0.2.0", "https://registry.npmmirror.com/forwarded/-/forwarded-0.2.0.tgz", {}, ""],

    "fresh": ["fresh@0.5.2", "https://registry.npmmirror.com/fresh/-/fresh-0.5.2.tgz", {}, ""],

    "fs-extra": ["fs-extra@9.1.0", "https://registry.npmmirror.com/fs-extra/-/fs-extra-9.1.0.tgz", { "dependencies": { "at-least-node": "^1.0.0", "graceful-fs": "^4.2.0", "jsonfile": "^6.0.1", "universalify": "^2.0.0" } }, ""],

    "fs.realpath": ["fs.realpath@1.0.0", "https://registry.npmmirror.com/fs.realpath/-/fs.realpath-1.0.0.tgz", {}, ""],

    "function-bind": ["function-bind@1.1.2", "https://registry.npmmirror.com/function-bind/-/function-bind-1.1.2.tgz", {}, ""],

    "get-intrinsic": ["get-intrinsic@1.2.4", "https://registry.npmmirror.com/get-intrinsic/-/get-intrinsic-1.2.4.tgz", { "dependencies": { "es-errors": "^1.3.0", "function-bind": "^1.1.2", "has-proto": "^1.0.1", "has-symbols": "^1.0.3", "hasown": "^2.0.0" } }, ""],

    "glob": ["glob@7.2.3", "https://registry.npmmirror.com/glob/-/glob-7.2.3.tgz", { "dependencies": { "fs.realpath": "^1.0.0", "inflight": "^1.0.4", "inherits": "2", "minimatch": "^3.1.1", "once": "^1.3.0", "path-is-absolute": "^1.0.0" } }, ""],

    "gopd": ["gopd@1.0.1", "https://registry.npmmirror.com/gopd/-/gopd-1.0.1.tgz", { "dependencies": { "get-intrinsic": "^1.1.3" } }, ""],

    "graceful-fs": ["graceful-fs@4.2.11", "https://registry.npmmirror.com/graceful-fs/-/graceful-fs-4.2.11.tgz", {}, ""],

    "has-flag": ["has-flag@4.0.0", "https://registry.npmmirror.com/has-flag/-/has-flag-4.0.0.tgz", {}, ""],

    "has-property-descriptors": ["has-property-descriptors@1.0.2", "https://registry.npmmirror.com/has-property-descriptors/-/has-property-descriptors-1.0.2.tgz", { "dependencies": { "es-define-property": "^1.0.0" } }, ""],

    "has-proto": ["has-proto@1.0.3", "https://registry.npmmirror.com/has-proto/-/has-proto-1.0.3.tgz", {}, ""],

    "has-symbols": ["has-symbols@1.0.3", "https://registry.npmmirror.com/has-symbols/-/has-symbols-1.0.3.tgz", {}, ""],

    "hasown": ["hasown@2.0.2", "https://registry.npmmirror.com/hasown/-/hasown-2.0.2.tgz", { "dependencies": { "function-bind": "^1.1.2" } }, ""],

    "http-errors": ["http-errors@2.0.0", "https://registry.npmmirror.com/http-errors/-/http-errors-2.0.0.tgz", { "dependencies": { "depd": "2.0.0", "inherits": "2.0.4", "setprototypeof": "1.2.0", "statuses": "2.0.1", "toidentifier": "1.0.1" } }, ""],

    "iconv-lite": ["iconv-lite@0.4.24", "https://registry.npmmirror.com/iconv-lite/-/iconv-lite-0.4.24.tgz", { "dependencies": { "safer-buffer": ">= 2.1.2 < 3" } }, ""],

    "inflight": ["inflight@1.0.6", "https://registry.npmmirror.com/inflight/-/inflight-1.0.6.tgz", { "dependencies": { "once": "^1.3.0", "wrappy": "1" } }, ""],

    "inherits": ["inherits@2.0.4", "https://registry.npmmirror.com/inherits/-/inherits-2.0.4.tgz", {}, ""],

    "ipaddr.js": ["ipaddr.js@1.9.1", "https://registry.npmmirror.com/ipaddr.js/-/ipaddr.js-1.9.1.tgz", {}, ""],

    "is-docker": ["is-docker@2.2.1", "https://registry.npmmirror.com/is-docker/-/is-docker-2.2.1.tgz", { "bin": "cli.js" }, ""],

    "is-number": ["is-number@7.0.0", "https://registry.npmmirror.com/is-number/-/is-number-7.0.0.tgz", {}, ""],

    "is-wsl": ["is-wsl@2.2.0", "https://registry.npmmirror.com/is-wsl/-/is-wsl-2.2.0.tgz", { "dependencies": { "is-docker": "^2.0.0" } }, ""],

    "isarray": ["isarray@2.0.5", "https://registry.npmmirror.com/isarray/-/isarray-2.0.5.tgz", {}, ""],

    "isexe": ["isexe@2.0.0", "https://registry.npmmirror.com/isexe/-/isexe-2.0.0.tgz", {}, ""],

    "json-schema-traverse": ["json-schema-traverse@1.0.0", "https://registry.npmmirror.com/json-schema-traverse/-/json-schema-traverse-1.0.0.tgz", {}, ""],

    "json-stable-stringify": ["json-stable-stringify@1.1.1", "https://registry.npmmirror.com/json-stable-stringify/-/json-stable-stringify-1.1.1.tgz", { "dependencies": { "call-bind": "^1.0.5", "isarray": "^2.0.5", "jsonify": "^0.0.1", "object-keys": "^1.1.1" } }, ""],

    "jsonfile": ["jsonfile@6.1.0", "https://registry.npmmirror.com/jsonfile/-/jsonfile-6.1.0.tgz", { "dependencies": { "universalify": "^2.0.0" }, "optionalDependencies": { "graceful-fs": "^4.1.6" } }, ""],

    "jsonify": ["jsonify@0.0.1", "https://registry.npmmirror.com/jsonify/-/jsonify-0.0.1.tgz", {}, ""],

    "klaw-sync": ["klaw-sync@6.0.0", "https://registry.npmmirror.com/klaw-sync/-/klaw-sync-6.0.0.tgz", { "dependencies": { "graceful-fs": "^4.1.11" } }, ""],

    "lodash": ["lodash@4.17.21", "https://registry.npmmirror.com/lodash/-/lodash-4.17.21.tgz", {}, ""],

    "log4js": ["log4js@6.9.1", "", { "dependencies": { "date-format": "^4.0.14", "debug": "^4.3.4", "flatted": "^3.2.7", "rfdc": "^1.3.0", "streamroller": "^3.1.5" } }, "sha512-1somDdy9sChrr9/f4UlzhdaGfDR2c/SaD2a4T7qEkG4jTS57/B3qmnjLYePwQ8cqWnUHZI0iAKxMBpCZICiZ2g=="],

    "media-typer": ["media-typer@0.3.0", "https://registry.npmmirror.com/media-typer/-/media-typer-0.3.0.tgz", {}, ""],

    "merge-descriptors": ["merge-descriptors@1.0.1", "https://registry.npmmirror.com/merge-descriptors/-/merge-descriptors-1.0.1.tgz", {}, ""],

    "methods": ["methods@1.1.2", "https://registry.npmmirror.com/methods/-/methods-1.1.2.tgz", {}, ""],

    "micromatch": ["micromatch@4.0.8", "https://registry.npmmirror.com/micromatch/-/micromatch-4.0.8.tgz", { "dependencies": { "braces": "^3.0.3", "picomatch": "^2.3.1" } }, ""],

    "mime": ["mime@4.0.7", "", { "bin": "bin/cli.js" }, "sha512-2OfDPL+e03E0LrXaGYOtTFIYhiuzep94NSsuhrNULq+stylcJedcHdzHtz0atMUuGwJfFYs0YL5xeC/Ca2x0eQ=="],

    "mime-db": ["mime-db@1.53.0", "https://registry.npmmirror.com/mime-db/-/mime-db-1.53.0.tgz", {}, ""],

    "mime-types": ["mime-types@2.1.35", "https://registry.npmmirror.com/mime-types/-/mime-types-2.1.35.tgz", { "dependencies": { "mime-db": "1.52.0" } }, ""],

    "minimatch": ["minimatch@3.1.2", "https://registry.npmmirror.com/minimatch/-/minimatch-3.1.2.tgz", { "dependencies": { "brace-expansion": "^1.1.7" } }, ""],

    "minimist": ["minimist@1.2.8", "https://registry.npmmirror.com/minimist/-/minimist-1.2.8.tgz", {}, ""],

    "mkdirp": ["mkdirp@0.5.6", "https://registry.npmmirror.com/mkdirp/-/mkdirp-0.5.6.tgz", { "dependencies": { "minimist": "^1.2.6" }, "bin": "bin/cmd.js" }, ""],

    "ms": ["ms@2.0.0", "https://registry.npmmirror.com/ms/-/ms-2.0.0.tgz", {}, ""],

    "multer": ["multer@1.4.5-lts.1", "https://registry.npmmirror.com/multer/-/multer-1.4.5-lts.1.tgz", { "dependencies": { "append-field": "^1.0.0", "busboy": "^1.0.0", "concat-stream": "^1.5.2", "mkdirp": "^0.5.4", "object-assign": "^4.1.1", "type-is": "^1.6.4", "xtend": "^4.0.0" } }, ""],

    "negotiator": ["negotiator@0.6.3", "https://registry.npmmirror.com/negotiator/-/negotiator-0.6.3.tgz", {}, ""],

    "object-assign": ["object-assign@4.1.1", "https://registry.npmmirror.com/object-assign/-/object-assign-4.1.1.tgz", {}, ""],

    "object-inspect": ["object-inspect@1.13.2", "https://registry.npmmirror.com/object-inspect/-/object-inspect-1.13.2.tgz", {}, ""],

    "object-keys": ["object-keys@1.1.1", "https://registry.npmmirror.com/object-keys/-/object-keys-1.1.1.tgz", {}, ""],

    "on-finished": ["on-finished@2.4.1", "https://registry.npmmirror.com/on-finished/-/on-finished-2.4.1.tgz", { "dependencies": { "ee-first": "1.1.1" } }, ""],

    "on-headers": ["on-headers@1.0.2", "https://registry.npmmirror.com/on-headers/-/on-headers-1.0.2.tgz", {}, ""],

    "once": ["once@1.4.0", "https://registry.npmmirror.com/once/-/once-1.4.0.tgz", { "dependencies": { "wrappy": "1" } }, ""],

    "open": ["open@7.4.2", "https://registry.npmmirror.com/open/-/open-7.4.2.tgz", { "dependencies": { "is-docker": "^2.0.0", "is-wsl": "^2.1.1" } }, ""],

    "os-tmpdir": ["os-tmpdir@1.0.2", "https://registry.npmmirror.com/os-tmpdir/-/os-tmpdir-1.0.2.tgz", {}, ""],

    "parseurl": ["parseurl@1.3.3", "https://registry.npmmirror.com/parseurl/-/parseurl-1.3.3.tgz", {}, ""],

    "patch-package": ["patch-package@8.0.0", "https://registry.npmmirror.com/patch-package/-/patch-package-8.0.0.tgz", { "dependencies": { "@yarnpkg/lockfile": "^1.1.0", "chalk": "^4.1.2", "ci-info": "^3.7.0", "cross-spawn": "^7.0.3", "find-yarn-workspace-root": "^2.0.0", "fs-extra": "^9.0.0", "json-stable-stringify": "^1.0.2", "klaw-sync": "^6.0.0", "minimist": "^1.2.6", "open": "^7.4.2", "rimraf": "^2.6.3", "semver": "^7.5.3", "slash": "^2.0.0", "tmp": "^0.0.33", "yaml": "^2.2.2" }, "bin": "index.js" }, ""],

    "path-is-absolute": ["path-is-absolute@1.0.1", "https://registry.npmmirror.com/path-is-absolute/-/path-is-absolute-1.0.1.tgz", {}, ""],

    "path-key": ["path-key@3.1.1", "https://registry.npmmirror.com/path-key/-/path-key-3.1.1.tgz", {}, ""],

    "path-to-regexp": ["path-to-regexp@0.1.7", "https://registry.npmmirror.com/path-to-regexp/-/path-to-regexp-0.1.7.tgz", {}, ""],

    "picomatch": ["picomatch@2.3.1", "https://registry.npmmirror.com/picomatch/-/picomatch-2.3.1.tgz", {}, ""],

    "process-nextick-args": ["process-nextick-args@2.0.1", "https://registry.npmmirror.com/process-nextick-args/-/process-nextick-args-2.0.1.tgz", {}, ""],

    "proxy-addr": ["proxy-addr@2.0.7", "https://registry.npmmirror.com/proxy-addr/-/proxy-addr-2.0.7.tgz", { "dependencies": { "forwarded": "0.2.0", "ipaddr.js": "1.9.1" } }, ""],

    "qs": ["qs@6.11.0", "https://registry.npmmirror.com/qs/-/qs-6.11.0.tgz", { "dependencies": { "side-channel": "^1.0.4" } }, ""],

    "range-parser": ["range-parser@1.2.1", "https://registry.npmmirror.com/range-parser/-/range-parser-1.2.1.tgz", {}, ""],

    "raw-body": ["raw-body@2.5.2", "https://registry.npmmirror.com/raw-body/-/raw-body-2.5.2.tgz", { "dependencies": { "bytes": "3.1.2", "http-errors": "2.0.0", "iconv-lite": "0.4.24", "unpipe": "1.0.0" } }, ""],

    "readable-stream": ["readable-stream@2.3.8", "https://registry.npmmirror.com/readable-stream/-/readable-stream-2.3.8.tgz", { "dependencies": { "core-util-is": "~1.0.0", "inherits": "~2.0.3", "isarray": "~1.0.0", "process-nextick-args": "~2.0.0", "safe-buffer": "~5.1.1", "string_decoder": "~1.1.1", "util-deprecate": "~1.0.1" } }, ""],

    "require-from-string": ["require-from-string@2.0.2", "https://registry.npmmirror.com/require-from-string/-/require-from-string-2.0.2.tgz", {}, ""],

    "rfdc": ["rfdc@1.4.1", "", {}, "sha512-q1b3N5QkRUWUl7iyylaaj3kOpIT0N2i9MqIEQXP73GVsN9cw3fdx8X63cEmWhJGi2PPCF23Ijp7ktmd39rawIA=="],

    "rimraf": ["rimraf@2.7.1", "https://registry.npmmirror.com/rimraf/-/rimraf-2.7.1.tgz", { "dependencies": { "glob": "^7.1.3" }, "bin": "bin.js" }, ""],

    "safe-buffer": ["safe-buffer@5.1.2", "https://registry.npmmirror.com/safe-buffer/-/safe-buffer-5.1.2.tgz", {}, ""],

    "safer-buffer": ["safer-buffer@2.1.2", "https://registry.npmmirror.com/safer-buffer/-/safer-buffer-2.1.2.tgz", {}, ""],

    "semver": ["semver@7.6.3", "https://registry.npmmirror.com/semver/-/semver-7.6.3.tgz", { "bin": "bin/semver.js" }, ""],

    "send": ["send@0.18.0", "https://registry.npmmirror.com/send/-/send-0.18.0.tgz", { "dependencies": { "debug": "2.6.9", "depd": "2.0.0", "destroy": "1.2.0", "encodeurl": "~1.0.2", "escape-html": "~1.0.3", "etag": "~1.8.1", "fresh": "0.5.2", "http-errors": "2.0.0", "mime": "1.6.0", "ms": "2.1.3", "on-finished": "2.4.1", "range-parser": "~1.2.1", "statuses": "2.0.1" } }, ""],

    "serve-static": ["serve-static@1.15.0", "https://registry.npmmirror.com/serve-static/-/serve-static-1.15.0.tgz", { "dependencies": { "encodeurl": "~1.0.2", "escape-html": "~1.0.3", "parseurl": "~1.3.3", "send": "0.18.0" } }, ""],

    "set-function-length": ["set-function-length@1.2.2", "https://registry.npmmirror.com/set-function-length/-/set-function-length-1.2.2.tgz", { "dependencies": { "define-data-property": "^1.1.4", "es-errors": "^1.3.0", "function-bind": "^1.1.2", "get-intrinsic": "^1.2.4", "gopd": "^1.0.1", "has-property-descriptors": "^1.0.2" } }, ""],

    "setprototypeof": ["setprototypeof@1.2.0", "https://registry.npmmirror.com/setprototypeof/-/setprototypeof-1.2.0.tgz", {}, ""],

    "shebang-command": ["shebang-command@2.0.0", "https://registry.npmmirror.com/shebang-command/-/shebang-command-2.0.0.tgz", { "dependencies": { "shebang-regex": "^3.0.0" } }, ""],

    "shebang-regex": ["shebang-regex@3.0.0", "https://registry.npmmirror.com/shebang-regex/-/shebang-regex-3.0.0.tgz", {}, ""],

    "side-channel": ["side-channel@1.0.6", "https://registry.npmmirror.com/side-channel/-/side-channel-1.0.6.tgz", { "dependencies": { "call-bind": "^1.0.7", "es-errors": "^1.3.0", "get-intrinsic": "^1.2.4", "object-inspect": "^1.13.1" } }, ""],

    "slash": ["slash@2.0.0", "https://registry.npmmirror.com/slash/-/slash-2.0.0.tgz", {}, ""],

    "statuses": ["statuses@2.0.1", "https://registry.npmmirror.com/statuses/-/statuses-2.0.1.tgz", {}, ""],

    "streamroller": ["streamroller@3.1.5", "", { "dependencies": { "date-format": "^4.0.14", "debug": "^4.3.4", "fs-extra": "^8.1.0" } }, "sha512-KFxaM7XT+irxvdqSP1LGLgNWbYN7ay5owZ3r/8t77p+EtSUAfUgtl7be3xtqtOmGUl9K9YPO2ca8133RlTjvKw=="],

    "streamsearch": ["streamsearch@1.1.0", "https://registry.npmmirror.com/streamsearch/-/streamsearch-1.1.0.tgz", {}, ""],

    "string_decoder": ["string_decoder@1.1.1", "https://registry.npmmirror.com/string_decoder/-/string_decoder-1.1.1.tgz", { "dependencies": { "safe-buffer": "~5.1.0" } }, ""],

    "supports-color": ["supports-color@7.2.0", "https://registry.npmmirror.com/supports-color/-/supports-color-7.2.0.tgz", { "dependencies": { "has-flag": "^4.0.0" } }, ""],

    "tmp": ["tmp@0.0.33", "https://registry.npmmirror.com/tmp/-/tmp-0.0.33.tgz", { "dependencies": { "os-tmpdir": "~1.0.2" } }, ""],

    "to-regex-range": ["to-regex-range@5.0.1", "https://registry.npmmirror.com/to-regex-range/-/to-regex-range-5.0.1.tgz", { "dependencies": { "is-number": "^7.0.0" } }, ""],

    "toidentifier": ["toidentifier@1.0.1", "https://registry.npmmirror.com/toidentifier/-/toidentifier-1.0.1.tgz", {}, ""],

    "type-is": ["type-is@1.6.18", "https://registry.npmmirror.com/type-is/-/type-is-1.6.18.tgz", { "dependencies": { "media-typer": "0.3.0", "mime-types": "~2.1.24" } }, ""],

    "typedarray": ["typedarray@0.0.6", "https://registry.npmmirror.com/typedarray/-/typedarray-0.0.6.tgz", {}, ""],

    "typescript": ["typescript@5.5.4", "https://registry.npmmirror.com/typescript/-/typescript-5.5.4.tgz", { "bin": { "tsc": "bin/tsc", "tsserver": "bin/tsserver" } }, ""],

    "undici-types": ["undici-types@7.8.0", "", {}, "sha512-9UJ2xGDvQ43tYyVMpuHlsgApydB8ZKfVYTsLDhXkFL/6gfkp+U8xTGdh8pMJv1SpZna0zxG1DwsKZsreLbXBxw=="],

    "universalify": ["universalify@2.0.1", "https://registry.npmmirror.com/universalify/-/universalify-2.0.1.tgz", {}, ""],

    "unpipe": ["unpipe@1.0.0", "https://registry.npmmirror.com/unpipe/-/unpipe-1.0.0.tgz", {}, ""],

    "util-deprecate": ["util-deprecate@1.0.2", "https://registry.npmmirror.com/util-deprecate/-/util-deprecate-1.0.2.tgz", {}, ""],

    "utils-merge": ["utils-merge@1.0.1", "https://registry.npmmirror.com/utils-merge/-/utils-merge-1.0.1.tgz", {}, ""],

    "uuid": ["uuid@10.0.0", "https://registry.npmmirror.com/uuid/-/uuid-10.0.0.tgz", { "bin": "dist/bin/uuid" }, ""],

    "vary": ["vary@1.1.2", "https://registry.npmmirror.com/vary/-/vary-1.1.2.tgz", {}, ""],

    "which": ["which@2.0.2", "https://registry.npmmirror.com/which/-/which-2.0.2.tgz", { "dependencies": { "isexe": "^2.0.0" }, "bin": { "node-which": "bin/node-which" } }, ""],

    "wrappy": ["wrappy@1.0.2", "https://registry.npmmirror.com/wrappy/-/wrappy-1.0.2.tgz", {}, ""],

    "xtend": ["xtend@4.0.2", "https://registry.npmmirror.com/xtend/-/xtend-4.0.2.tgz", {}, ""],

    "yaml": ["yaml@2.5.1", "https://registry.npmmirror.com/yaml/-/yaml-2.5.1.tgz", { "bin": "bin.mjs" }, ""],

    "compression/bytes": ["bytes@3.0.0", "https://registry.npmmirror.com/bytes/-/bytes-3.0.0.tgz", {}, ""],

    "content-disposition/safe-buffer": ["safe-buffer@5.2.1", "https://registry.npmmirror.com/safe-buffer/-/safe-buffer-5.2.1.tgz", {}, ""],

    "express/safe-buffer": ["safe-buffer@5.2.1", "https://registry.npmmirror.com/safe-buffer/-/safe-buffer-5.2.1.tgz", {}, ""],

    "log4js/debug": ["debug@4.4.1", "", { "dependencies": { "ms": "^2.1.3" } }, "sha512-KcKCqiftBJcZr++7ykoDIEwSa3XWowTfNPo92BYxjXiyYEVrUQh2aLyhxBCwww+heortUFxEJYcRzosstTEBYQ=="],

    "mime-types/mime-db": ["mime-db@1.52.0", "https://registry.npmmirror.com/mime-db/-/mime-db-1.52.0.tgz", {}, ""],

    "readable-stream/isarray": ["isarray@1.0.0", "https://registry.npmmirror.com/isarray/-/isarray-1.0.0.tgz", {}, ""],

    "send/mime": ["mime@1.6.0", "", { "bin": "cli.js" }, "sha512-x0Vn8spI+wuJ1O6S7gnbaQg8Pxh4NNHb7KSINmEWKiPE4RKOplvijn+NkmYmmRgP68mc70j2EbeTFRsrswaQeg=="],

    "send/ms": ["ms@2.1.3", "https://registry.npmmirror.com/ms/-/ms-2.1.3.tgz", {}, ""],

    "streamroller/debug": ["debug@4.4.1", "", { "dependencies": { "ms": "^2.1.3" } }, "sha512-KcKCqiftBJcZr++7ykoDIEwSa3XWowTfNPo92BYxjXiyYEVrUQh2aLyhxBCwww+heortUFxEJYcRzosstTEBYQ=="],

    "streamroller/fs-extra": ["fs-extra@8.1.0", "", { "dependencies": { "graceful-fs": "^4.2.0", "jsonfile": "^4.0.0", "universalify": "^0.1.0" } }, "sha512-yhlQgA6mnOJUKOsRUFsgJdQCvkKhcz8tlZG5HBQfReYZy46OwLcY+Zia0mtdHsOo9y/hP+CxMN0TU9QxoOtG4g=="],

    "log4js/debug/ms": ["ms@2.1.3", "", {}, "sha512-6FlzubTLZG3J2a/NVCAleEhjzq5oxgHyaCU9yYXvcLsvoVaHJq/s5xXI6/XXP6tz7R9xAOtHnSO/tXtF3WRTlA=="],

    "streamroller/debug/ms": ["ms@2.1.3", "", {}, "sha512-6FlzubTLZG3J2a/NVCAleEhjzq5oxgHyaCU9yYXvcLsvoVaHJq/s5xXI6/XXP6tz7R9xAOtHnSO/tXtF3WRTlA=="],

    "streamroller/fs-extra/jsonfile": ["jsonfile@4.0.0", "", { "optionalDependencies": { "graceful-fs": "^4.1.6" } }, "sha512-m6F1R3z8jjlf2imQHS2Qez5sjKWQzbuuhuJ/FKYFRZvPE3PuHcSMVZzfsLhGVOkfd20obL5SWEBew5ShlquNxg=="],

    "streamroller/fs-extra/universalify": ["universalify@0.1.2", "", {}, "sha512-rBJeI5CXAlmy1pV+617WB9J63U6XcazHHF2f2dbJix4XzpUF0RS3Zbj0FGIOCAva5P/d/GBOYaACQ1w+0azUkg=="],
  }
}
